
Microsoft Visual Studio Solution File, Format Version 12.00
# Visual Studio 2013
VisualStudioVersion = 12.0.30723.0
MinimumVisualStudioVersion = 10.0.40219.1
Project("{A0786B88-2ADB-4C21-ABE8-AA2D79766269}") = "UCP_2_0", "UCP_2_0.phpproj", "{E26025C4-DD32-4B33-9E6D-6F68D5AAA7AE}"
EndProject
Global
	GlobalSection(SolutionConfigurationPlatforms) = preSolution
		Debug|Any CPU = Debug|Any CPU
		Release|Any CPU = Release|Any CPU
	EndGlobalSection
	GlobalSection(ProjectConfigurationPlatforms) = postSolution
		{E26025C4-DD32-4B33-9E6D-6F68D5AAA7AE}.Debug|Any CPU.ActiveCfg = Debug|Any CPU
		{E26025C4-DD32-4B33-9E6D-6F68D5AAA7AE}.Debug|Any CPU.Build.0 = Debug|Any CPU
		{E26025C4-DD32-4B33-9E6D-6F68D5AAA7AE}.Release|Any CPU.ActiveCfg = Release|Any CPU
		{E26025C4-DD32-4B33-9E6D-6F68D5AAA7AE}.Release|Any CPU.Build.0 = Release|Any CPU
	EndGlobalSection
	GlobalSection(SolutionProperties) = preSolution
		HideSolutionNode = FALSE
	EndGlobalSection
EndGlobal
